
Microsoft Visual Studio Solution File, Format Version 12.00
# Visual Studio Version 17
VisualStudioVersion = 17.8.34511.84
MinimumVisualStudioVersion = 10.0.40219.1
Project("{FAE04EC0-301F-11D3-BF4B-00C04F79EFBC}") = "ShopInventory2", "ShopInventory2.csproj", "{5B60D0B7-CC1F-4E51-9362-EC4B2E730A0D}"
EndProject
Global
	GlobalSection(SolutionConfigurationPlatforms) = preSolution
		Debug|Any CPU = Debug|Any CPU
		Release|Any CPU = Release|Any CPU
	EndGlobalSection
	GlobalSection(ProjectConfigurationPlatforms) = postSolution
		{5B60D0B7-CC1F-4E51-9362-EC4B2E730A0D}.Debug|Any CPU.ActiveCfg = Debug|Any CPU
		{5B60D0B7-CC1F-4E51-9362-EC4B2E730A0D}.Debug|Any CPU.Build.0 = Debug|Any CPU
		{5B60D0B7-CC1F-4E51-9362-EC4B2E730A0D}.Release|Any CPU.ActiveCfg = Release|Any CPU
		{5B60D0B7-CC1F-4E51-9362-EC4B2E730A0D}.Release|Any CPU.Build.0 = Release|Any CPU
	EndGlobalSection
	GlobalSection(SolutionProperties) = preSolution
		HideSolutionNode = FALSE
	EndGlobalSection
	GlobalSection(ExtensibilityGlobals) = postSolution
		SolutionGuid = {A83D8B99-8EEE-482F-9F49-6711E59D2666}
	EndGlobalSection
EndGlobal
